
Microsoft Visual Studio Solution File, Format Version 12.00
Project("{FAE04EC0-301F-11D3-BF4B-00C04F79EFBC}") = "ValueAddedTaxCalculator", "ValueAddedTaxCalculator\ValueAddedTaxCalculator.csproj", "{1779CC44-A934-4672-8321-02EBA065B00D}"
EndProject
Project("{FAE04EC0-301F-11D3-BF4B-00C04F79EFBC}") = "ValueAddedTaxCalculator.Tests", "ValueAddedTaxCalculator.Tests\ValueAddedTaxCalculator.Tests.csproj", "{E57F2DE6-08FE-4816-AE5E-CF9B631829F9}"
EndProject
Project("{2150E333-8FDC-42A3-9474-1A3956D46DE8}") = "Solution Items", "Solution Items", "{BFB2BBB5-2215-4DC8-8CE9-D6597E525AFA}"
	ProjectSection(SolutionItems) = preProject
		..\README.md = ..\README.md
	EndProjectSection
EndProject
Global
	GlobalSection(SolutionConfigurationPlatforms) = preSolution
		Debug|Any CPU = Debug|Any CPU
		Release|Any CPU = Release|Any CPU
	EndGlobalSection
	GlobalSection(ProjectConfigurationPlatforms) = postSolution
		{1779CC44-A934-4672-8321-02EBA065B00D}.Debug|Any CPU.ActiveCfg = Debug|Any CPU
		{1779CC44-A934-4672-8321-02EBA065B00D}.Debug|Any CPU.Build.0 = Debug|Any CPU
		{1779CC44-A934-4672-8321-02EBA065B00D}.Release|Any CPU.ActiveCfg = Release|Any CPU
		{1779CC44-A934-4672-8321-02EBA065B00D}.Release|Any CPU.Build.0 = Release|Any CPU
		{E57F2DE6-08FE-4816-AE5E-CF9B631829F9}.Debug|Any CPU.ActiveCfg = Debug|Any CPU
		{E57F2DE6-08FE-4816-AE5E-CF9B631829F9}.Debug|Any CPU.Build.0 = Debug|Any CPU
		{E57F2DE6-08FE-4816-AE5E-CF9B631829F9}.Release|Any CPU.ActiveCfg = Release|Any CPU
		{E57F2DE6-08FE-4816-AE5E-CF9B631829F9}.Release|Any CPU.Build.0 = Release|Any CPU
	EndGlobalSection
EndGlobal
